// !$*UTF8*$!
{
	archiveVersion = 1;
	classes = {
	};
	objectVersion = 51;
	objects = {

/* Begin PBXBuildFile section */
		220344A39C83AB8DD3C02F6A /* Pods_Loyalty_LoyaltyUITests.framework in Frameworks */ = {isa = PBXBuildFile; fileRef = E025A60F931714FD8D6FC55A /* Pods_Loyalty_LoyaltyUITests.framework */; };
		2663E3A0252E03CC004C8B13 /* AppDelegate.swift in Sources */ = {isa = PBXBuildFile; fileRef = 2663E39F252E03CC004C8B13 /* AppDelegate.swift */; };
		2663E3A2252E03CC004C8B13 /* SceneDelegate.swift in Sources */ = {isa = PBXBuildFile; fileRef = 2663E3A1252E03CC004C8B13 /* SceneDelegate.swift */; };
		2663E3A4252E03CC004C8B13 /* SignInViewController.swift in Sources */ = {isa = PBXBuildFile; fileRef = 2663E3A3252E03CC004C8B13 /* SignInViewController.swift */; };
		2663E3A7252E03CD004C8B13 /* Main.storyboard in Resources */ = {isa = PBXBuildFile; fileRef = 2663E3A5252E03CD004C8B13 /* Main.storyboard */; };
		2663E3A9252E03CD004C8B13 /* Assets.xcassets in Resources */ = {isa = PBXBuildFile; fileRef = 2663E3A8252E03CD004C8B13 /* Assets.xcassets */; };
		2663E3AC252E03CD004C8B13 /* LaunchScreen.storyboard in Resources */ = {isa = PBXBuildFile; fileRef = 2663E3AA252E03CD004C8B13 /* LaunchScreen.storyboard */; };
		2663E3B7252E03CD004C8B13 /* LoyaltyTests.swift in Sources */ = {isa = PBXBuildFile; fileRef = 2663E3B6252E03CD004C8B13 /* LoyaltyTests.swift */; };
		2663E3C2252E03CD004C8B13 /* LoyaltyUITests.swift in Sources */ = {isa = PBXBuildFile; fileRef = 2663E3C1252E03CD004C8B13 /* LoyaltyUITests.swift */; };
		2663E3D1252E070B004C8B13 /* LaunchScreenViewController.swift in Sources */ = {isa = PBXBuildFile; fileRef = 2663E3D0252E070B004C8B13 /* LaunchScreenViewController.swift */; };
		2663E3D5252E09E5004C8B13 /* Constraints.swift in Sources */ = {isa = PBXBuildFile; fileRef = 2663E3D4252E09E5004C8B13 /* Constraints.swift */; };
		2663E3D8252E1045004C8B13 /* RoundedTextField.swift in Sources */ = {isa = PBXBuildFile; fileRef = 2663E3D7252E1045004C8B13 /* RoundedTextField.swift */; };
		2663E3DA252E1153004C8B13 /* RoundedUIButton.swift in Sources */ = {isa = PBXBuildFile; fileRef = 2663E3D9252E1153004C8B13 /* RoundedUIButton.swift */; };
		2663E3DC252E118D004C8B13 /* RoundedUIButtonWithBorder.swift in Sources */ = {isa = PBXBuildFile; fileRef = 2663E3DB252E118D004C8B13 /* RoundedUIButtonWithBorder.swift */; };
		2663E3DE252E153B004C8B13 /* RoundedView.swift in Sources */ = {isa = PBXBuildFile; fileRef = 2663E3DD252E153B004C8B13 /* RoundedView.swift */; };
		26D12303252EBD2F002028D3 /* SignUpOneViewController.swift in Sources */ = {isa = PBXBuildFile; fileRef = 26D12302252EBD2F002028D3 /* SignUpOneViewController.swift */; };
		26D12305252EC621002028D3 /* SignUpTwoViewController.swift in Sources */ = {isa = PBXBuildFile; fileRef = 26D12304252EC621002028D3 /* SignUpTwoViewController.swift */; };
		26D12307252EC88C002028D3 /* RoundedImageView.swift in Sources */ = {isa = PBXBuildFile; fileRef = 26D12306252EC88C002028D3 /* RoundedImageView.swift */; };
		26D1230B252EE3D9002028D3 /* ResetPasswordViewController.swift in Sources */ = {isa = PBXBuildFile; fileRef = 26D1230A252EE3D9002028D3 /* ResetPasswordViewController.swift */; };
		26D1230E252EFC80002028D3 /* HistoryTableViewCell.swift in Sources */ = {isa = PBXBuildFile; fileRef = 26D1230C252EFC80002028D3 /* HistoryTableViewCell.swift */; };
		26D1230F252EFC80002028D3 /* HistoryTableViewCell.xib in Resources */ = {isa = PBXBuildFile; fileRef = 26D1230D252EFC80002028D3 /* HistoryTableViewCell.xib */; };
		26D12314252F022F002028D3 /* SquareImageView.swift in Sources */ = {isa = PBXBuildFile; fileRef = 26D12313252F022F002028D3 /* SquareImageView.swift */; };
		26D12316252F05F0002028D3 /* HistoryViewController.swift in Sources */ = {isa = PBXBuildFile; fileRef = 26D12315252F05F0002028D3 /* HistoryViewController.swift */; };
		26D12318252F12CA002028D3 /* SearchViewController.swift in Sources */ = {isa = PBXBuildFile; fileRef = 26D12317252F12CA002028D3 /* SearchViewController.swift */; };
		26D12320252F1A03002028D3 /* HomeViewController.swift in Sources */ = {isa = PBXBuildFile; fileRef = 26D1231F252F1A03002028D3 /* HomeViewController.swift */; };
		26D12323252F20F6002028D3 /* FeaturedCollectionViewCell.swift in Sources */ = {isa = PBXBuildFile; fileRef = 26D12321252F20F6002028D3 /* FeaturedCollectionViewCell.swift */; };
		26D12324252F20F6002028D3 /* FeaturedCollectionViewCell.xib in Resources */ = {isa = PBXBuildFile; fileRef = 26D12322252F20F6002028D3 /* FeaturedCollectionViewCell.xib */; };
		26D1232B252F2A43002028D3 /* OfferTableViewCell.swift in Sources */ = {isa = PBXBuildFile; fileRef = 26D12329252F2A43002028D3 /* OfferTableViewCell.swift */; };
		26D1232C252F2A43002028D3 /* OfferTableViewCell.xib in Resources */ = {isa = PBXBuildFile; fileRef = 26D1232A252F2A43002028D3 /* OfferTableViewCell.xib */; };
		26D12330252F3C5F002028D3 /* VendorViewController.swift in Sources */ = {isa = PBXBuildFile; fileRef = 26D1232F252F3C5F002028D3 /* VendorViewController.swift */; };
		26D12333252F3E5E002028D3 /* VendorTableViewCell.swift in Sources */ = {isa = PBXBuildFile; fileRef = 26D12331252F3E5E002028D3 /* VendorTableViewCell.swift */; };
		26D12334252F3E5E002028D3 /* VendorTableViewCell.xib in Resources */ = {isa = PBXBuildFile; fileRef = 26D12332252F3E5E002028D3 /* VendorTableViewCell.xib */; };
		26D12338252F4415002028D3 /* OfferViewController.swift in Sources */ = {isa = PBXBuildFile; fileRef = 26D12337252F4415002028D3 /* OfferViewController.swift */; };
		26D1233A252F47A9002028D3 /* OfferValidateDoneViewController.swift in Sources */ = {isa = PBXBuildFile; fileRef = 26D12339252F47A9002028D3 /* OfferValidateDoneViewController.swift */; };
		26D1233C252F47C2002028D3 /* OfferValidateErrorViewController.swift in Sources */ = {isa = PBXBuildFile; fileRef = 26D1233B252F47C2002028D3 /* OfferValidateErrorViewController.swift */; };
		26D1233E252F47D9002028D3 /* OfferValidateQuestionViewController.swift in Sources */ = {isa = PBXBuildFile; fileRef = 26D1233D252F47D9002028D3 /* OfferValidateQuestionViewController.swift */; };
		66FDF28416031B6BE5E0B550 /* Pods_Loyalty.framework in Frameworks */ = {isa = PBXBuildFile; fileRef = E3006E812A9BEBD83451BB6D /* Pods_Loyalty.framework */; };
		B56831B3B9B7AB1A65D04101 /* Pods_LoyaltyTests.framework in Frameworks */ = {isa = PBXBuildFile; fileRef = 08335A29ABCFF4621EF322A1 /* Pods_LoyaltyTests.framework */; };
		EF12209F2531EC9F007089DB /* GoogleService-Info.plist in Resources */ = {isa = PBXBuildFile; fileRef = EF12209E2531EC9F007089DB /* GoogleService-Info.plist */; };
		EF56FC9E25371A4500996B07 /* DataModelHelper.swift in Sources */ = {isa = PBXBuildFile; fileRef = EF56FC9D25371A4500996B07 /* DataModelHelper.swift */; };
		EF56FCA3253764F000996B07 /* ViewAllCategoriesViewController.swift in Sources */ = {isa = PBXBuildFile; fileRef = EF56FCA2253764F000996B07 /* ViewAllCategoriesViewController.swift */; };
		EF56FCA8253767DB00996B07 /* CategoryCollectionViewCell.swift in Sources */ = {isa = PBXBuildFile; fileRef = EF56FCA7253767DB00996B07 /* CategoryCollectionViewCell.swift */; };
		EF56FCB025379AC300996B07 /* SingleCategoryViewController.swift in Sources */ = {isa = PBXBuildFile; fileRef = EF56FCAF25379AC300996B07 /* SingleCategoryViewController.swift */; };
		EF56FCB92538C00000996B07 /* SearchResultTableViewCell.swift in Sources */ = {isa = PBXBuildFile; fileRef = EF56FCB72538C00000996B07 /* SearchResultTableViewCell.swift */; };
		EF56FCBA2538C00000996B07 /* SearchResultTableViewCell.xib in Resources */ = {isa = PBXBuildFile; fileRef = EF56FCB82538C00000996B07 /* SearchResultTableViewCell.xib */; };
		EF56FCC225397D6B00996B07 /* EditProfileViewController.swift in Sources */ = {isa = PBXBuildFile; fileRef = EF56FCC125397D6B00996B07 /* EditProfileViewController.swift */; };
		EF56FCCF25398A2F00996B07 /* ScanQRViewController.swift in Sources */ = {isa = PBXBuildFile; fileRef = EF56FCCE25398A2F00996B07 /* ScanQRViewController.swift */; };
		EF87D506253A51B90059940B /* unlock.json in Resources */ = {isa = PBXBuildFile; fileRef = EF87D505253A51B80059940B /* unlock.json */; };
		EFD101122542B5E600BCB273 /* celebration.json in Resources */ = {isa = PBXBuildFile; fileRef = EFD101092542B5E400BCB273 /* celebration.json */; };
		EFD101132542B5E600BCB273 /* goto_uni.json in Resources */ = {isa = PBXBuildFile; fileRef = EFD1010A2542B5E400BCB273 /* goto_uni.json */; };
		EFD101142542B5E600BCB273 /* done.json in Resources */ = {isa = PBXBuildFile; fileRef = EFD1010B2542B5E400BCB273 /* done.json */; };
		EFD101152542B5E600BCB273 /* error.json in Resources */ = {isa = PBXBuildFile; fileRef = EFD1010C2542B5E400BCB273 /* error.json */; };
		EFD101162542B5E600BCB273 /* users.json in Resources */ = {isa = PBXBuildFile; fileRef = EFD1010D2542B5E500BCB273 /* users.json */; };
		EFD101172542B5E600BCB273 /* no_data.json in Resources */ = {isa = PBXBuildFile; fileRef = EFD1010E2542B5E500BCB273 /* no_data.json */; };
		EFD101182542B5E600BCB273 /* no_data_error.json in Resources */ = {isa = PBXBuildFile; fileRef = EFD1010F2542B5E500BCB273 /* no_data_error.json */; };
		EFD101192542B5E600BCB273 /* auth.json in Resources */ = {isa = PBXBuildFile; fileRef = EFD101102542B5E500BCB273 /* auth.json */; };
		EFD1011A2542B5E600BCB273 /* happy.json in Resources */ = {isa = PBXBuildFile; fileRef = EFD101112542B5E600BCB273 /* happy.json */; };
		EFD1011F2542C8FD00BCB273 /* NotRegisteredViewController.swift in Sources */ = {isa = PBXBuildFile; fileRef = EFD1011E2542C8FD00BCB273 /* NotRegisteredViewController.swift */; };
		EFD96554253A41E20083DEFE /* success.json in Resources */ = {isa = PBXBuildFile; fileRef = EFD96553253A41E20083DEFE /* success.json */; };
		EFE3454E2531F432009C83C5 /* Models.swift in Sources */ = {isa = PBXBuildFile; fileRef = EFE3454D2531F432009C83C5 /* Models.swift */; };
		EFE3460F2532034C009C83C5 /* ProgressHUD.swift in Sources */ = {isa = PBXBuildFile; fileRef = EFE3460E2532034C009C83C5 /* ProgressHUD.swift */; };
		EFE346142532037C009C83C5 /* SessionManager.swift in Sources */ = {isa = PBXBuildFile; fileRef = EFE346132532037C009C83C5 /* SessionManager.swift */; };
		EFE3461925321346009C83C5 /* FirebaseOP.swift in Sources */ = {isa = PBXBuildFile; fileRef = EFE3461825321346009C83C5 /* FirebaseOP.swift */; };
		EFE3464D2532221C009C83C5 /* UserValidator.swift in Sources */ = {isa = PBXBuildFile; fileRef = EFE3464C2532221C009C83C5 /* UserValidator.swift */; };
		EFE3468225323CDF009C83C5 /* InputFieldValidator.swift in Sources */ = {isa = PBXBuildFile; fileRef = EFE3468125323CDF009C83C5 /* InputFieldValidator.swift */; };
		EFE3468725323E8F009C83C5 /* TextFieldUtils.swift in Sources */ = {isa = PBXBuildFile; fileRef = EFE3468625323E8F009C83C5 /* TextFieldUtils.swift */; };
		EFE3468C25325F5D009C83C5 /* ImagePicker.swift in Sources */ = {isa = PBXBuildFile; fileRef = EFE3468B25325F5D009C83C5 /* ImagePicker.swift */; };
		EFE346912532759F009C83C5 /* DateExtension.swift in Sources */ = {isa = PBXBuildFile; fileRef = EFE346902532759F009C83C5 /* DateExtension.swift */; };
		EFE346962532FCD7009C83C5 /* PopupAlerts.swift in Sources */ = {isa = PBXBuildFile; fileRef = EFE346952532FCD7009C83C5 /* PopupAlerts.swift */; };
		EFE3469E253449F9009C83C5 /* NetworkChecker.swift in Sources */ = {isa = PBXBuildFile; fileRef = EFE3469D253449F9009C83C5 /* NetworkChecker.swift */; };
		EFE3471A2536F341009C83C5 /* DataModel.xcdatamodeld in Sources */ = {isa = PBXBuildFile; fileRef = EFE347182536F341009C83C5 /* DataModel.xcdatamodeld */; };
/* End PBXBuildFile section */

/* Begin PBXContainerItemProxy section */
		2663E3B3252E03CD004C8B13 /* PBXContainerItemProxy */ = {
			isa = PBXContainerItemProxy;
			containerPortal = 2663E394252E03CC004C8B13 /* Project object */;
			proxyType = 1;
			remoteGlobalIDString = 2663E39B252E03CC004C8B13;
			remoteInfo = Loyalty;
		};
		2663E3BE252E03CD004C8B13 /* PBXContainerItemProxy */ = {
			isa = PBXContainerItemProxy;
			containerPortal = 2663E394252E03CC004C8B13 /* Project object */;
			proxyType = 1;
			remoteGlobalIDString = 2663E39B252E03CC004C8B13;
			remoteInfo = Loyalty;
		};
/* End PBXContainerItemProxy section */

/* Begin PBXFileReference section */
		08335A29ABCFF4621EF322A1 /* Pods_LoyaltyTests.framework */ = {isa = PBXFileReference; explicitFileType = wrapper.framework; includeInIndex = 0; path = Pods_LoyaltyTests.framework; sourceTree = BUILT_PRODUCTS_DIR; };
		2663E39C252E03CC004C8B13 /* Loyalty.app */ = {isa = PBXFileReference; explicitFileType = wrapper.application; includeInIndex = 0; path = Loyalty.app; sourceTree = BUILT_PRODUCTS_DIR; };
		2663E39F252E03CC004C8B13 /* AppDelegate.swift */ = {isa = PBXFileReference; lastKnownFileType = sourcecode.swift; path = AppDelegate.swift; sourceTree = "<group>"; };
		2663E3A1252E03CC004C8B13 /* SceneDelegate.swift */ = {isa = PBXFileReference; lastKnownFileType = sourcecode.swift; path = SceneDelegate.swift; sourceTree = "<group>"; };
		2663E3A3252E03CC004C8B13 /* SignInViewController.swift */ = {isa = PBXFileReference; lastKnownFileType = sourcecode.swift; path = SignInViewController.swift; sourceTree = "<group>"; };
		2663E3A6252E03CD004C8B13 /* Base */ = {isa = PBXFileReference; lastKnownFileType = file.storyboard; name = Base; path = Base.lproj/Main.storyboard; sourceTree = "<group>"; };
		2663E3A8252E03CD004C8B13 /* Assets.xcassets */ = {isa = PBXFileReference; lastKnownFileType = folder.assetcatalog; path = Assets.xcassets; sourceTree = "<group>"; };
		2663E3AB252E03CD004C8B13 /* Base */ = {isa = PBXFileReference; lastKnownFileType = file.storyboard; name = Base; path = Base.lproj/LaunchScreen.storyboard; sourceTree = "<group>"; };
		2663E3AD252E03CD004C8B13 /* Info.plist */ = {isa = PBXFileReference; lastKnownFileType = text.plist.xml; path = Info.plist; sourceTree = "<group>"; };
		2663E3B2252E03CD004C8B13 /* LoyaltyTests.xctest */ = {isa = PBXFileReference; explicitFileType = wrapper.cfbundle; includeInIndex = 0; path = LoyaltyTests.xctest; sourceTree = BUILT_PRODUCTS_DIR; };
		2663E3B6252E03CD004C8B13 /* LoyaltyTests.swift */ = {isa = PBXFileReference; lastKnownFileType = sourcecode.swift; path = LoyaltyTests.swift; sourceTree = "<group>"; };
		2663E3B8252E03CD004C8B13 /* Info.plist */ = {isa = PBXFileReference; lastKnownFileType = text.plist.xml; path = Info.plist; sourceTree = "<group>"; };
		2663E3BD252E03CD004C8B13 /* LoyaltyUITests.xctest */ = {isa = PBXFileReference; explicitFileType = wrapper.cfbundle; includeInIndex = 0; path = LoyaltyUITests.xctest; sourceTree = BUILT_PRODUCTS_DIR; };
		2663E3C1252E03CD004C8B13 /* LoyaltyUITests.swift */ = {isa = PBXFileReference; lastKnownFileType = sourcecode.swift; path = LoyaltyUITests.swift; sourceTree = "<group>"; };
		2663E3C3252E03CD004C8B13 /* Info.plist */ = {isa = PBXFileReference; lastKnownFileType = text.plist.xml; path = Info.plist; sourceTree = "<group>"; };
		2663E3D0252E070B004C8B13 /* LaunchScreenViewController.swift */ = {isa = PBXFileReference; lastKnownFileType = sourcecode.swift; path = LaunchScreenViewController.swift; sourceTree = "<group>"; };
		2663E3D4252E09E5004C8B13 /* Constraints.swift */ = {isa = PBXFileReference; lastKnownFileType = sourcecode.swift; path = Constraints.swift; sourceTree = "<group>"; };
		2663E3D7252E1045004C8B13 /* RoundedTextField.swift */ = {isa = PBXFileReference; lastKnownFileType = sourcecode.swift; path = RoundedTextField.swift; sourceTree = "<group>"; };
		2663E3D9252E1153004C8B13 /* RoundedUIButton.swift */ = {isa = PBXFileReference; lastKnownFileType = sourcecode.swift; path = RoundedUIButton.swift; sourceTree = "<group>"; };
		2663E3DB252E118D004C8B13 /* RoundedUIButtonWithBorder.swift */ = {isa = PBXFileReference; lastKnownFileType = sourcecode.swift; path = RoundedUIButtonWithBorder.swift; sourceTree = "<group>"; };
		2663E3DD252E153B004C8B13 /* RoundedView.swift */ = {isa = PBXFileReference; lastKnownFileType = sourcecode.swift; path = RoundedView.swift; sourceTree = "<group>"; };
		26D12302252EBD2F002028D3 /* SignUpOneViewController.swift */ = {isa = PBXFileReference; lastKnownFileType = sourcecode.swift; path = SignUpOneViewController.swift; sourceTree = "<group>"; };
		26D12304252EC621002028D3 /* SignUpTwoViewController.swift */ = {isa = PBXFileReference; lastKnownFileType = sourcecode.swift; path = SignUpTwoViewController.swift; sourceTree = "<group>"; };
		26D12306252EC88C002028D3 /* RoundedImageView.swift */ = {isa = PBXFileReference; lastKnownFileType = sourcecode.swift; path = RoundedImageView.swift; sourceTree = "<group>"; };
		26D1230A252EE3D9002028D3 /* ResetPasswordViewController.swift */ = {isa = PBXFileReference; lastKnownFileType = sourcecode.swift; path = ResetPasswordViewController.swift; sourceTree = "<group>"; };
		26D1230C252EFC80002028D3 /* HistoryTableViewCell.swift */ = {isa = PBXFileReference; lastKnownFileType = sourcecode.swift; path = HistoryTableViewCell.swift; sourceTree = "<group>"; };
		26D1230D252EFC80002028D3 /* HistoryTableViewCell.xib */ = {isa = PBXFileReference; lastKnownFileType = file.xib; path = HistoryTableViewCell.xib; sourceTree = "<group>"; };
		26D12313252F022F002028D3 /* SquareImageView.swift */ = {isa = PBXFileReference; lastKnownFileType = sourcecode.swift; path = SquareImageView.swift; sourceTree = "<group>"; };
		26D12315252F05F0002028D3 /* HistoryViewController.swift */ = {isa = PBXFileReference; lastKnownFileType = sourcecode.swift; path = HistoryViewController.swift; sourceTree = "<group>"; };
		26D12317252F12CA002028D3 /* SearchViewController.swift */ = {isa = PBXFileReference; lastKnownFileType = sourcecode.swift; path = SearchViewController.swift; sourceTree = "<group>"; };
		26D1231F252F1A03002028D3 /* HomeViewController.swift */ = {isa = PBXFileReference; lastKnownFileType = sourcecode.swift; path = HomeViewController.swift; sourceTree = "<group>"; };
		26D12321252F20F6002028D3 /* FeaturedCollectionViewCell.swift */ = {isa = PBXFileReference; lastKnownFileType = sourcecode.swift; path = FeaturedCollectionViewCell.swift; sourceTree = "<group>"; };
		26D12322252F20F6002028D3 /* FeaturedCollectionViewCell.xib */ = {isa = PBXFileReference; lastKnownFileType = file.xib; path = FeaturedCollectionViewCell.xib; sourceTree = "<group>"; };
		26D12329252F2A43002028D3 /* OfferTableViewCell.swift */ = {isa = PBXFileReference; lastKnownFileType = sourcecode.swift; path = OfferTableViewCell.swift; sourceTree = "<group>"; };
		26D1232A252F2A43002028D3 /* OfferTableViewCell.xib */ = {isa = PBXFileReference; lastKnownFileType = file.xib; path = OfferTableViewCell.xib; sourceTree = "<group>"; };
		26D1232F252F3C5F002028D3 /* VendorViewController.swift */ = {isa = PBXFileReference; lastKnownFileType = sourcecode.swift; path = VendorViewController.swift; sourceTree = "<group>"; };
		26D12331252F3E5E002028D3 /* VendorTableViewCell.swift */ = {isa = PBXFileReference; lastKnownFileType = sourcecode.swift; path = VendorTableViewCell.swift; sourceTree = "<group>"; };
		26D12332252F3E5E002028D3 /* VendorTableViewCell.xib */ = {isa = PBXFileReference; lastKnownFileType = file.xib; path = VendorTableViewCell.xib; sourceTree = "<group>"; };
		26D12337252F4415002028D3 /* OfferViewController.swift */ = {isa = PBXFileReference; lastKnownFileType = sourcecode.swift; path = OfferViewController.swift; sourceTree = "<group>"; };
		26D12339252F47A9002028D3 /* OfferValidateDoneViewController.swift */ = {isa = PBXFileReference; lastKnownFileType = sourcecode.swift; path = OfferValidateDoneViewController.swift; sourceTree = "<group>"; };
		26D1233B252F47C2002028D3 /* OfferValidateErrorViewController.swift */ = {isa = PBXFileReference; lastKnownFileType = sourcecode.swift; path = OfferValidateErrorViewController.swift; sourceTree = "<group>"; };
		26D1233D252F47D9002028D3 /* OfferValidateQuestionViewController.swift */ = {isa = PBXFileReference; lastKnownFileType = sourcecode.swift; path = OfferValidateQuestionViewController.swift; sourceTree = "<group>"; };
		3A1113BF97A0DA15F68A77DC /* Pods-Loyalty.debug.xcconfig */ = {isa = PBXFileReference; includeInIndex = 1; lastKnownFileType = text.xcconfig; name = "Pods-Loyalty.debug.xcconfig"; path = "Target Support Files/Pods-Loyalty/Pods-Loyalty.debug.xcconfig"; sourceTree = "<group>"; };
		3E27DBEAD7318C78D85ADDF6 /* Pods-Loyalty-LoyaltyUITests.release.xcconfig */ = {isa = PBXFileReference; includeInIndex = 1; lastKnownFileType = text.xcconfig; name = "Pods-Loyalty-LoyaltyUITests.release.xcconfig"; path = "Target Support Files/Pods-Loyalty-LoyaltyUITests/Pods-Loyalty-LoyaltyUITests.release.xcconfig"; sourceTree = "<group>"; };
		ACC1436B0F0F0BDE9F988237 /* Pods-Loyalty.release.xcconfig */ = {isa = PBXFileReference; includeInIndex = 1; lastKnownFileType = text.xcconfig; name = "Pods-Loyalty.release.xcconfig"; path = "Target Support Files/Pods-Loyalty/Pods-Loyalty.release.xcconfig"; sourceTree = "<group>"; };
		BBD06572D970D31CFD470043 /* Pods-LoyaltyTests.release.xcconfig */ = {isa = PBXFileReference; includeInIndex = 1; lastKnownFileType = text.xcconfig; name = "Pods-LoyaltyTests.release.xcconfig"; path = "Target Support Files/Pods-LoyaltyTests/Pods-LoyaltyTests.release.xcconfig"; sourceTree = "<group>"; };
		C0432CA007F948B7BEFA5BFE /* Pods-LoyaltyTests.debug.xcconfig */ = {isa = PBXFileReference; includeInIndex = 1; lastKnownFileType = text.xcconfig; name = "Pods-LoyaltyTests.debug.xcconfig"; path = "Target Support Files/Pods-LoyaltyTests/Pods-LoyaltyTests.debug.xcconfig"; sourceTree = "<group>"; };
		DC515A356704FED6CE1408F4 /* Pods-Loyalty-LoyaltyUITests.debug.xcconfig */ = {isa = PBXFileReference; includeInIndex = 1; lastKnownFileType = text.xcconfig; name = "Pods-Loyalty-LoyaltyUITests.debug.xcconfig"; path = "Target Support Files/Pods-Loyalty-LoyaltyUITests/Pods-Loyalty-LoyaltyUITests.debug.xcconfig"; sourceTree = "<group>"; };
		E025A60F931714FD8D6FC55A /* Pods_Loyalty_LoyaltyUITests.framework */ = {isa = PBXFileReference; explicitFileType = wrapper.framework; includeInIndex = 0; path = Pods_Loyalty_LoyaltyUITests.framework; sourceTree = BUILT_PRODUCTS_DIR; };
		E3006E812A9BEBD83451BB6D /* Pods_Loyalty.framework */ = {isa = PBXFileReference; explicitFileType = wrapper.framework; includeInIndex = 0; path = Pods_Loyalty.framework; sourceTree = BUILT_PRODUCTS_DIR; };
		EF12209E2531EC9F007089DB /* GoogleService-Info.plist */ = {isa = PBXFileReference; fileEncoding = 4; lastKnownFileType = text.plist.xml; path = "GoogleService-Info.plist"; sourceTree = "<group>"; };
		EF56FC9D25371A4500996B07 /* DataModelHelper.swift */ = {isa = PBXFileReference; lastKnownFileType = sourcecode.swift; path = DataModelHelper.swift; sourceTree = "<group>"; };
		EF56FCA2253764F000996B07 /* ViewAllCategoriesViewController.swift */ = {isa = PBXFileReference; lastKnownFileType = sourcecode.swift; path = ViewAllCategoriesViewController.swift; sourceTree = "<group>"; };
		EF56FCA7253767DB00996B07 /* CategoryCollectionViewCell.swift */ = {isa = PBXFileReference; lastKnownFileType = sourcecode.swift; path = CategoryCollectionViewCell.swift; sourceTree = "<group>"; };
		EF56FCAF25379AC300996B07 /* SingleCategoryViewController.swift */ = {isa = PBXFileReference; lastKnownFileType = sourcecode.swift; path = SingleCategoryViewController.swift; sourceTree = "<group>"; };
		EF56FCB72538C00000996B07 /* SearchResultTableViewCell.swift */ = {isa = PBXFileReference; lastKnownFileType = sourcecode.swift; path = SearchResultTableViewCell.swift; sourceTree = "<group>"; };
		EF56FCB82538C00000996B07 /* SearchResultTableViewCell.xib */ = {isa = PBXFileReference; lastKnownFileType = file.xib; path = SearchResultTableViewCell.xib; sourceTree = "<group>"; };
		EF56FCC125397D6B00996B07 /* EditProfileViewController.swift */ = {isa = PBXFileReference; lastKnownFileType = sourcecode.swift; path = EditProfileViewController.swift; sourceTree = "<group>"; };
		EF56FCCE25398A2F00996B07 /* ScanQRViewController.swift */ = {isa = PBXFileReference; lastKnownFileType = sourcecode.swift; path = ScanQRViewController.swift; sourceTree = "<group>"; };
		EF56FCF22539916600996B07 /* iCimulator.framework */ = {isa = PBXFileReference; explicitFileType = wrapper.framework; path = iCimulator.framework; sourceTree = BUILT_PRODUCTS_DIR; };
		EF87D505253A51B80059940B /* unlock.json */ = {isa = PBXFileReference; fileEncoding = 4; lastKnownFileType = text.json; path = unlock.json; sourceTree = "<group>"; };
		EFD101092542B5E400BCB273 /* celebration.json */ = {isa = PBXFileReference; fileEncoding = 4; lastKnownFileType = text.json; path = celebration.json; sourceTree = "<group>"; };
		EFD1010A2542B5E400BCB273 /* goto_uni.json */ = {isa = PBXFileReference; fileEncoding = 4; lastKnownFileType = text.json; path = goto_uni.json; sourceTree = "<group>"; };
		EFD1010B2542B5E400BCB273 /* done.json */ = {isa = PBXFileReference; fileEncoding = 4; lastKnownFileType = text.json; path = done.json; sourceTree = "<group>"; };
		EFD1010C2542B5E400BCB273 /* error.json */ = {isa = PBXFileReference; fileEncoding = 4; lastKnownFileType = text.json; path = error.json; sourceTree = "<group>"; };
		EFD1010D2542B5E500BCB273 /* users.json */ = {isa = PBXFileReference; fileEncoding = 4; lastKnownFileType = text.json; path = users.json; sourceTree = "<group>"; };
		EFD1010E2542B5E500BCB273 /* no_data.json */ = {isa = PBXFileReference; fileEncoding = 4; lastKnownFileType = text.json; path = no_data.json; sourceTree = "<group>"; };
		EFD1010F2542B5E500BCB273 /* no_data_error.json */ = {isa = PBXFileReference; fileEncoding = 4; lastKnownFileType = text.json; path = no_data_error.json; sourceTree = "<group>"; };
		EFD101102542B5E500BCB273 /* auth.json */ = {isa = PBXFileReference; fileEncoding = 4; lastKnownFileType = text.json; path = auth.json; sourceTree = "<group>"; };
		EFD101112542B5E600BCB273 /* happy.json */ = {isa = PBXFileReference; fileEncoding = 4; lastKnownFileType = text.json; path = happy.json; sourceTree = "<group>"; };
		EFD1011E2542C8FD00BCB273 /* NotRegisteredViewController.swift */ = {isa = PBXFileReference; lastKnownFileType = sourcecode.swift; path = NotRegisteredViewController.swift; sourceTree = "<group>"; };
		EFD96553253A41E20083DEFE /* success.json */ = {isa = PBXFileReference; fileEncoding = 4; lastKnownFileType = text.json; path = success.json; sourceTree = "<group>"; };
		EFE3454D2531F432009C83C5 /* Models.swift */ = {isa = PBXFileReference; lastKnownFileType = sourcecode.swift; path = Models.swift; sourceTree = "<group>"; };
		EFE3460E2532034C009C83C5 /* ProgressHUD.swift */ = {isa = PBXFileReference; lastKnownFileType = sourcecode.swift; path = ProgressHUD.swift; sourceTree = "<group>"; };
		EFE346132532037C009C83C5 /* SessionManager.swift */ = {isa = PBXFileReference; lastKnownFileType = sourcecode.swift; path = SessionManager.swift; sourceTree = "<group>"; };
		EFE3461825321346009C83C5 /* FirebaseOP.swift */ = {isa = PBXFileReference; lastKnownFileType = sourcecode.swift; path = FirebaseOP.swift; sourceTree = "<group>"; };
		EFE3464C2532221C009C83C5 /* UserValidator.swift */ = {isa = PBXFileReference; lastKnownFileType = sourcecode.swift; path = UserValidator.swift; sourceTree = "<group>"; };
		EFE3468125323CDF009C83C5 /* InputFieldValidator.swift */ = {isa = PBXFileReference; lastKnownFileType = sourcecode.swift; path = InputFieldValidator.swift; sourceTree = "<group>"; };
		EFE3468625323E8F009C83C5 /* TextFieldUtils.swift */ = {isa = PBXFileReference; lastKnownFileType = sourcecode.swift; path = TextFieldUtils.swift; sourceTree = "<group>"; };
		EFE3468B25325F5D009C83C5 /* ImagePicker.swift */ = {isa = PBXFileReference; lastKnownFileType = sourcecode.swift; path = ImagePicker.swift; sourceTree = "<group>"; };
		EFE346902532759F009C83C5 /* DateExtension.swift */ = {isa = PBXFileReference; lastKnownFileType = sourcecode.swift; path = DateExtension.swift; sourceTree = "<group>"; };
		EFE346952532FCD7009C83C5 /* PopupAlerts.swift */ = {isa = PBXFileReference; lastKnownFileType = sourcecode.swift; path = PopupAlerts.swift; sourceTree = "<group>"; };
		EFE3469D253449F9009C83C5 /* NetworkChecker.swift */ = {isa = PBXFileReference; lastKnownFileType = sourcecode.swift; path = NetworkChecker.swift; sourceTree = "<group>"; };
		EFE347192536F341009C83C5 /* DataModel.xcdatamodel */ = {isa = PBXFileReference; lastKnownFileType = wrapper.xcdatamodel; path = DataModel.xcdatamodel; sourceTree = "<group>"; };
/* End PBXFileReference section */

/* Begin PBXFrameworksBuildPhase section */
		2663E399252E03CC004C8B13 /* Frameworks */ = {
			isa = PBXFrameworksBuildPhase;
			buildActionMask = 2147483647;
			files = (
				66FDF28416031B6BE5E0B550 /* Pods_Loyalty.framework in Frameworks */,
			);
			runOnlyForDeploymentPostprocessing = 0;
		};
		2663E3AF252E03CD004C8B13 /* Frameworks */ = {
			isa = PBXFrameworksBuildPhase;
			buildActionMask = 2147483647;
			files = (
				B56831B3B9B7AB1A65D04101 /* Pods_LoyaltyTests.framework in Frameworks */,
			);
			runOnlyForDeploymentPostprocessing = 0;
		};
		2663E3BA252E03CD004C8B13 /* Frameworks */ = {
			isa = PBXFrameworksBuildPhase;
			buildActionMask = 2147483647;
			files = (
				220344A39C83AB8DD3C02F6A /* Pods_Loyalty_LoyaltyUITests.framework in Frameworks */,
			);
			runOnlyForDeploymentPostprocessing = 0;
		};
/* End PBXFrameworksBuildPhase section */

/* Begin PBXGroup section */
		2663E393252E03CC004C8B13 = {
			isa = PBXGroup;
			children = (
				2663E39E252E03CC004C8B13 /* Loyalty */,
				2663E3B5252E03CD004C8B13 /* LoyaltyTests */,
				2663E3C0252E03CD004C8B13 /* LoyaltyUITests */,
				2663E39D252E03CC004C8B13 /* Products */,
				2D023CD95E72EEEB24B6AC7C /* Pods */,
				8226EA21A2B2437C35D73113 /* Frameworks */,
			);
			sourceTree = "<group>";
		};
		2663E39D252E03CC004C8B13 /* Products */ = {
			isa = PBXGroup;
			children = (
				2663E39C252E03CC004C8B13 /* Loyalty.app */,
				2663E3B2252E03CD004C8B13 /* LoyaltyTests.xctest */,
				2663E3BD252E03CD004C8B13 /* LoyaltyUITests.xctest */,
			);
			name = Products;
			sourceTree = "<group>";
		};
		2663E39E252E03CC004C8B13 /* Loyalty */ = {
			isa = PBXGroup;
			children = (
				EFE3460D253202C0009C83C5 /* Util */,
				EFE3460C25320296009C83C5 /* Constraints */,
				EFE347172536F30A009C83C5 /* DataModel */,
				2663E3D3252E0983004C8B13 /* Helpers */,
				26D12310252EFDC3002028D3 /* Model */,
				2663E3D6252E1025004C8B13 /* UIClass */,
				2663E3D2252E0787004C8B13 /* View */,
				2663E3CF252E0698004C8B13 /* Controller */,
				2663E39F252E03CC004C8B13 /* AppDelegate.swift */,
				2663E3A1252E03CC004C8B13 /* SceneDelegate.swift */,
				2663E3A8252E03CD004C8B13 /* Assets.xcassets */,
				EFD96552253A41C40083DEFE /* Animations */,
				2663E3AD252E03CD004C8B13 /* Info.plist */,
				EF12209E2531EC9F007089DB /* GoogleService-Info.plist */,
			);
			path = Loyalty;
			sourceTree = "<group>";
		};
		2663E3B5252E03CD004C8B13 /* LoyaltyTests */ = {
			isa = PBXGroup;
			children = (
				2663E3B6252E03CD004C8B13 /* LoyaltyTests.swift */,
				2663E3B8252E03CD004C8B13 /* Info.plist */,
			);
			path = LoyaltyTests;
			sourceTree = "<group>";
		};
		2663E3C0252E03CD004C8B13 /* LoyaltyUITests */ = {
			isa = PBXGroup;
			children = (
				2663E3C1252E03CD004C8B13 /* LoyaltyUITests.swift */,
				2663E3C3252E03CD004C8B13 /* Info.plist */,
			);
			path = LoyaltyUITests;
			sourceTree = "<group>";
		};
		2663E3CF252E0698004C8B13 /* Controller */ = {
			isa = PBXGroup;
			children = (
				EFE3471325357F6B009C83C5 /* MainViewControllers */,
				EFE3471225357F38009C83C5 /* XIBControllers */,
				26D1233B252F47C2002028D3 /* OfferValidateErrorViewController.swift */,
				26D1233D252F47D9002028D3 /* OfferValidateQuestionViewController.swift */,
			);
			path = Controller;
			sourceTree = "<group>";
		};
		2663E3D2252E0787004C8B13 /* View */ = {
			isa = PBXGroup;
			children = (
				26D1230D252EFC80002028D3 /* HistoryTableViewCell.xib */,
				2663E3A5252E03CD004C8B13 /* Main.storyboard */,
				2663E3AA252E03CD004C8B13 /* LaunchScreen.storyboard */,
				26D12322252F20F6002028D3 /* FeaturedCollectionViewCell.xib */,
				26D1232A252F2A43002028D3 /* OfferTableViewCell.xib */,
				26D12332252F3E5E002028D3 /* VendorTableViewCell.xib */,
				EF56FCB82538C00000996B07 /* SearchResultTableViewCell.xib */,
			);
			path = View;
			sourceTree = "<group>";
		};
		2663E3D3252E0983004C8B13 /* Helpers */ = {
			isa = PBXGroup;
			children = (
				EF56FC9D25371A4500996B07 /* DataModelHelper.swift */,
			);
			path = Helpers;
			sourceTree = "<group>";
		};
		2663E3D6252E1025004C8B13 /* UIClass */ = {
			isa = PBXGroup;
			children = (
				2663E3D7252E1045004C8B13 /* RoundedTextField.swift */,
				2663E3D9252E1153004C8B13 /* RoundedUIButton.swift */,
				2663E3DB252E118D004C8B13 /* RoundedUIButtonWithBorder.swift */,
				2663E3DD252E153B004C8B13 /* RoundedView.swift */,
				26D12306252EC88C002028D3 /* RoundedImageView.swift */,
				26D12313252F022F002028D3 /* SquareImageView.swift */,
			);
			path = UIClass;
			sourceTree = "<group>";
		};
		26D12310252EFDC3002028D3 /* Model */ = {
			isa = PBXGroup;
			children = (
				EFE3454D2531F432009C83C5 /* Models.swift */,
			);
			path = Model;
			sourceTree = "<group>";
		};
		2D023CD95E72EEEB24B6AC7C /* Pods */ = {
			isa = PBXGroup;
			children = (
				3A1113BF97A0DA15F68A77DC /* Pods-Loyalty.debug.xcconfig */,
				ACC1436B0F0F0BDE9F988237 /* Pods-Loyalty.release.xcconfig */,
				DC515A356704FED6CE1408F4 /* Pods-Loyalty-LoyaltyUITests.debug.xcconfig */,
				3E27DBEAD7318C78D85ADDF6 /* Pods-Loyalty-LoyaltyUITests.release.xcconfig */,
				C0432CA007F948B7BEFA5BFE /* Pods-LoyaltyTests.debug.xcconfig */,
				BBD06572D970D31CFD470043 /* Pods-LoyaltyTests.release.xcconfig */,
			);
			path = Pods;
			sourceTree = "<group>";
		};
		8226EA21A2B2437C35D73113 /* Frameworks */ = {
			isa = PBXGroup;
			children = (
				EF56FCF22539916600996B07 /* iCimulator.framework */,
				E3006E812A9BEBD83451BB6D /* Pods_Loyalty.framework */,
				E025A60F931714FD8D6FC55A /* Pods_Loyalty_LoyaltyUITests.framework */,
				08335A29ABCFF4621EF322A1 /* Pods_LoyaltyTests.framework */,
			);
			name = Frameworks;
			sourceTree = "<group>";
		};
		EFD96552253A41C40083DEFE /* Animations */ = {
			isa = PBXGroup;
			children = (
				EFD101102542B5E500BCB273 /* auth.json */,
				EFD101092542B5E400BCB273 /* celebration.json */,
				EFD1010B2542B5E400BCB273 /* done.json */,
				EFD1010C2542B5E400BCB273 /* error.json */,
				EFD1010A2542B5E400BCB273 /* goto_uni.json */,
				EFD101112542B5E600BCB273 /* happy.json */,
				EFD1010F2542B5E500BCB273 /* no_data_error.json */,
				EFD1010E2542B5E500BCB273 /* no_data.json */,
				EFD1010D2542B5E500BCB273 /* users.json */,
				EF87D505253A51B80059940B /* unlock.json */,
				EFD96553253A41E20083DEFE /* success.json */,
			);
			path = Animations;
			sourceTree = "<group>";
		};
		EFE3460C25320296009C83C5 /* Constraints */ = {
			isa = PBXGroup;
			children = (
				2663E3D4252E09E5004C8B13 /* Constraints.swift */,
			);
			path = Constraints;
			sourceTree = "<group>";
		};
		EFE3460D253202C0009C83C5 /* Util */ = {
			isa = PBXGroup;
			children = (
				EFE3460E2532034C009C83C5 /* ProgressHUD.swift */,
				EFE346132532037C009C83C5 /* SessionManager.swift */,
				EFE3464C2532221C009C83C5 /* UserValidator.swift */,
				EFE3468125323CDF009C83C5 /* InputFieldValidator.swift */,
				EFE3468625323E8F009C83C5 /* TextFieldUtils.swift */,
				EFE3468B25325F5D009C83C5 /* ImagePicker.swift */,
				EFE346902532759F009C83C5 /* DateExtension.swift */,
				EFE346952532FCD7009C83C5 /* PopupAlerts.swift */,
				EFE3469D253449F9009C83C5 /* NetworkChecker.swift */,
				EFE3461825321346009C83C5 /* FirebaseOP.swift */,
			);
			path = Util;
			sourceTree = "<group>";
		};
		EFE3471225357F38009C83C5 /* XIBControllers */ = {
			isa = PBXGroup;
			children = (
				EF56FCB72538C00000996B07 /* SearchResultTableViewCell.swift */,
				26D12331252F3E5E002028D3 /* VendorTableViewCell.swift */,
				26D12329252F2A43002028D3 /* OfferTableViewCell.swift */,
				26D12321252F20F6002028D3 /* FeaturedCollectionViewCell.swift */,
				26D1230C252EFC80002028D3 /* HistoryTableViewCell.swift */,
				EF56FCA7253767DB00996B07 /* CategoryCollectionViewCell.swift */,
			);
			path = XIBControllers;
			sourceTree = "<group>";
		};
		EFE3471325357F6B009C83C5 /* MainViewControllers */ = {
			isa = PBXGroup;
			children = (
				2663E3D0252E070B004C8B13 /* LaunchScreenViewController.swift */,
				2663E3A3252E03CC004C8B13 /* SignInViewController.swift */,
				26D12302252EBD2F002028D3 /* SignUpOneViewController.swift */,
				EFD1011E2542C8FD00BCB273 /* NotRegisteredViewController.swift */,
				26D12304252EC621002028D3 /* SignUpTwoViewController.swift */,
				26D1230A252EE3D9002028D3 /* ResetPasswordViewController.swift */,
				26D1231F252F1A03002028D3 /* HomeViewController.swift */,
				26D12317252F12CA002028D3 /* SearchViewController.swift */,
				EF56FCA2253764F000996B07 /* ViewAllCategoriesViewController.swift */,
				EF56FCAF25379AC300996B07 /* SingleCategoryViewController.swift */,
				26D1232F252F3C5F002028D3 /* VendorViewController.swift */,
				26D12337252F4415002028D3 /* OfferViewController.swift */,
				26D12339252F47A9002028D3 /* OfferValidateDoneViewController.swift */,
				EF56FCC125397D6B00996B07 /* EditProfileViewController.swift */,
				26D12315252F05F0002028D3 /* HistoryViewController.swift */,
				EF56FCCE25398A2F00996B07 /* ScanQRViewController.swift */,
			);
			path = MainViewControllers;
			sourceTree = "<group>";
		};
		EFE347172536F30A009C83C5 /* DataModel */ = {
			isa = PBXGroup;
			children = (
				EFE347182536F341009C83C5 /* DataModel.xcdatamodeld */,
			);
			path = DataModel;
			sourceTree = "<group>";
		};
/* End PBXGroup section */

/* Begin PBXNativeTarget section */
		2663E39B252E03CC004C8B13 /* Loyalty */ = {
			isa = PBXNativeTarget;
			buildConfigurationList = 2663E3C6252E03CD004C8B13 /* Build configuration list for PBXNativeTarget "Loyalty" */;
			buildPhases = (
				198F558E8ECB65CA2EEF1437 /* [CP] Check Pods Manifest.lock */,
				2663E398252E03CC004C8B13 /* Sources */,
				2663E399252E03CC004C8B13 /* Frameworks */,
				2663E39A252E03CC004C8B13 /* Resources */,
				16FB50A48465EB0251031371 /* [CP] Embed Pods Frameworks */,
			);
			buildRules = (
			);
			dependencies = (
			);
			name = Loyalty;
			productName = Loyalty;
			productReference = 2663E39C252E03CC004C8B13 /* Loyalty.app */;
			productType = "com.apple.product-type.application";
		};
		2663E3B1252E03CD004C8B13 /* LoyaltyTests */ = {
			isa = PBXNativeTarget;
			buildConfigurationList = 2663E3C9252E03CD004C8B13 /* Build configuration list for PBXNativeTarget "LoyaltyTests" */;
			buildPhases = (
				39F2AC8386F27BDD78387E6B /* [CP] Check Pods Manifest.lock */,
				2663E3AE252E03CD004C8B13 /* Sources */,
				2663E3AF252E03CD004C8B13 /* Frameworks */,
				2663E3B0252E03CD004C8B13 /* Resources */,
			);
			buildRules = (
			);
			dependencies = (
				2663E3B4252E03CD004C8B13 /* PBXTargetDependency */,
			);
			name = LoyaltyTests;
			productName = LoyaltyTests;
			productReference = 2663E3B2252E03CD004C8B13 /* LoyaltyTests.xctest */;
			productType = "com.apple.product-type.bundle.unit-test";
		};
		2663E3BC252E03CD004C8B13 /* LoyaltyUITests */ = {
			isa = PBXNativeTarget;
			buildConfigurationList = 2663E3CC252E03CD004C8B13 /* Build configuration list for PBXNativeTarget "LoyaltyUITests" */;
			buildPhases = (
				D423AD36C5B4FD09019256F7 /* [CP] Check Pods Manifest.lock */,
				2663E3B9252E03CD004C8B13 /* Sources */,
				2663E3BA252E03CD004C8B13 /* Frameworks */,
				2663E3BB252E03CD004C8B13 /* Resources */,
				BE1F7FC093A9872CED0EC9C8 /* [CP] Embed Pods Frameworks */,
			);
			buildRules = (
			);
			dependencies = (
				2663E3BF252E03CD004C8B13 /* PBXTargetDependency */,
			);
			name = LoyaltyUITests;
			productName = LoyaltyUITests;
			productReference = 2663E3BD252E03CD004C8B13 /* LoyaltyUITests.xctest */;
			productType = "com.apple.product-type.bundle.ui-testing";
		};
/* End PBXNativeTarget section */

/* Begin PBXProject section */
		2663E394252E03CC004C8B13 /* Project object */ = {
			isa = PBXProject;
			attributes = {
				LastSwiftUpdateCheck = 1160;
				LastUpgradeCheck = 1200;
				ORGANIZATIONNAME = treCoops;
				TargetAttributes = {
					2663E39B252E03CC004C8B13 = {
						CreatedOnToolsVersion = 11.6;
					};
					2663E3B1252E03CD004C8B13 = {
						CreatedOnToolsVersion = 11.6;
						TestTargetID = 2663E39B252E03CC004C8B13;
					};
					2663E3BC252E03CD004C8B13 = {
						CreatedOnToolsVersion = 11.6;
						TestTargetID = 2663E39B252E03CC004C8B13;
					};
				};
			};
			buildConfigurationList = 2663E397252E03CC004C8B13 /* Build configuration list for PBXProject "Loyalty" */;
			compatibilityVersion = "Xcode 9.3";
			developmentRegion = en;
			hasScannedForEncodings = 0;
			knownRegions = (
				en,
				Base,
			);
			mainGroup = 2663E393252E03CC004C8B13;
			productRefGroup = 2663E39D252E03CC004C8B13 /* Products */;
			projectDirPath = "";
			projectRoot = "";
			targets = (
				2663E39B252E03CC004C8B13 /* Loyalty */,
				2663E3B1252E03CD004C8B13 /* LoyaltyTests */,
				2663E3BC252E03CD004C8B13 /* LoyaltyUITests */,
			);
		};
/* End PBXProject section */

/* Begin PBXResourcesBuildPhase section */
		2663E39A252E03CC004C8B13 /* Resources */ = {
			isa = PBXResourcesBuildPhase;
			buildActionMask = 2147483647;
			files = (
				EFD101152542B5E600BCB273 /* error.json in Resources */,
				EFD101122542B5E600BCB273 /* celebration.json in Resources */,
				2663E3AC252E03CD004C8B13 /* LaunchScreen.storyboard in Resources */,
				EF12209F2531EC9F007089DB /* GoogleService-Info.plist in Resources */,
				EFD101162542B5E600BCB273 /* users.json in Resources */,
				EFD101142542B5E600BCB273 /* done.json in Resources */,
				EFD101172542B5E600BCB273 /* no_data.json in Resources */,
				EFD101182542B5E600BCB273 /* no_data_error.json in Resources */,
				EF87D506253A51B90059940B /* unlock.json in Resources */,
				26D12324252F20F6002028D3 /* FeaturedCollectionViewCell.xib in Resources */,
				26D1232C252F2A43002028D3 /* OfferTableViewCell.xib in Resources */,
				2663E3A9252E03CD004C8B13 /* Assets.xcassets in Resources */,
				EFD1011A2542B5E600BCB273 /* happy.json in Resources */,
				EFD96554253A41E20083DEFE /* success.json in Resources */,
				EF56FCBA2538C00000996B07 /* SearchResultTableViewCell.xib in Resources */,
				26D1230F252EFC80002028D3 /* HistoryTableViewCell.xib in Resources */,
				26D12334252F3E5E002028D3 /* VendorTableViewCell.xib in Resources */,
				EFD101192542B5E600BCB273 /* auth.json in Resources */,
				EFD101132542B5E600BCB273 /* goto_uni.json in Resources */,
				2663E3A7252E03CD004C8B13 /* Main.storyboard in Resources */,
			);
			runOnlyForDeploymentPostprocessing = 0;
		};
		2663E3B0252E03CD004C8B13 /* Resources */ = {
			isa = PBXResourcesBuildPhase;
			buildActionMask = 2147483647;
			files = (
			);
			runOnlyForDeploymentPostprocessing = 0;
		};
		2663E3BB252E03CD004C8B13 /* Resources */ = {
			isa = PBXResourcesBuildPhase;
			buildActionMask = 2147483647;
			files = (
			);
			runOnlyForDeploymentPostprocessing = 0;
		};
/* End PBXResourcesBuildPhase section */

/* Begin PBXShellScriptBuildPhase section */
		16FB50A48465EB0251031371 /* [CP] Embed Pods Frameworks */ = {
			isa = PBXShellScriptBuildPhase;
			buildActionMask = 2147483647;
			files = (
			);
			inputFileListPaths = (
				"${PODS_ROOT}/Target Support Files/Pods-Loyalty/Pods-Loyalty-frameworks-${CONFIGURATION}-input-files.xcfilelist",
			);
			name = "[CP] Embed Pods Frameworks";
			outputFileListPaths = (
				"${PODS_ROOT}/Target Support Files/Pods-Loyalty/Pods-Loyalty-frameworks-${CONFIGURATION}-output-files.xcfilelist",
			);
			runOnlyForDeploymentPostprocessing = 0;
			shellPath = /bin/sh;
			shellScript = "\"${PODS_ROOT}/Target Support Files/Pods-Loyalty/Pods-Loyalty-frameworks.sh\"\n";
			showEnvVarsInLog = 0;
		};
		198F558E8ECB65CA2EEF1437 /* [CP] Check Pods Manifest.lock */ = {
			isa = PBXShellScriptBuildPhase;
			buildActionMask = 2147483647;
			files = (
			);
			inputFileListPaths = (
			);
			inputPaths = (
				"${PODS_PODFILE_DIR_PATH}/Podfile.lock",
				"${PODS_ROOT}/Manifest.lock",
			);
			name = "[CP] Check Pods Manifest.lock";
			outputFileListPaths = (
			);
			outputPaths = (
				"$(DERIVED_FILE_DIR)/Pods-Loyalty-checkManifestLockResult.txt",
			);
			runOnlyForDeploymentPostprocessing = 0;
			shellPath = /bin/sh;
			shellScript = "diff \"${PODS_PODFILE_DIR_PATH}/Podfile.lock\" \"${PODS_ROOT}/Manifest.lock\" > /dev/null\nif [ $? != 0 ] ; then\n    # print error to STDERR\n    echo \"error: The sandbox is not in sync with the Podfile.lock. Run 'pod install' or update your CocoaPods installation.\" >&2\n    exit 1\nfi\n# This output is used by Xcode 'outputs' to avoid re-running this script phase.\necho \"SUCCESS\" > \"${SCRIPT_OUTPUT_FILE_0}\"\n";
			showEnvVarsInLog = 0;
		};
		39F2AC8386F27BDD78387E6B /* [CP] Check Pods Manifest.lock */ = {
			isa = PBXShellScriptBuildPhase;
			buildActionMask = 2147483647;
			files = (
			);
			inputFileListPaths = (
			);
			inputPaths = (
				"${PODS_PODFILE_DIR_PATH}/Podfile.lock",
				"${PODS_ROOT}/Manifest.lock",
			);
			name = "[CP] Check Pods Manifest.lock";
			outputFileListPaths = (
			);
			outputPaths = (
				"$(DERIVED_FILE_DIR)/Pods-LoyaltyTests-checkManifestLockResult.txt",
			);
			runOnlyForDeploymentPostprocessing = 0;
			shellPath = /bin/sh;
			shellScript = "diff \"${PODS_PODFILE_DIR_PATH}/Podfile.lock\" \"${PODS_ROOT}/Manifest.lock\" > /dev/null\nif [ $? != 0 ] ; then\n    # print error to STDERR\n    echo \"error: The sandbox is not in sync with the Podfile.lock. Run 'pod install' or update your CocoaPods installation.\" >&2\n    exit 1\nfi\n# This output is used by Xcode 'outputs' to avoid re-running this script phase.\necho \"SUCCESS\" > \"${SCRIPT_OUTPUT_FILE_0}\"\n";
			showEnvVarsInLog = 0;
		};
		BE1F7FC093A9872CED0EC9C8 /* [CP] Embed Pods Frameworks */ = {
			isa = PBXShellScriptBuildPhase;
			buildActionMask = 2147483647;
			files = (
			);
			inputFileListPaths = (
				"${PODS_ROOT}/Target Support Files/Pods-Loyalty-LoyaltyUITests/Pods-Loyalty-LoyaltyUITests-frameworks-${CONFIGURATION}-input-files.xcfilelist",
			);
			name = "[CP] Embed Pods Frameworks";
			outputFileListPaths = (
				"${PODS_ROOT}/Target Support Files/Pods-Loyalty-LoyaltyUITests/Pods-Loyalty-LoyaltyUITests-frameworks-${CONFIGURATION}-output-files.xcfilelist",
			);
			runOnlyForDeploymentPostprocessing = 0;
			shellPath = /bin/sh;
			shellScript = "\"${PODS_ROOT}/Target Support Files/Pods-Loyalty-LoyaltyUITests/Pods-Loyalty-LoyaltyUITests-frameworks.sh\"\n";
			showEnvVarsInLog = 0;
		};
		D423AD36C5B4FD09019256F7 /* [CP] Check Pods Manifest.lock */ = {
			isa = PBXShellScriptBuildPhase;
			buildActionMask = 2147483647;
			files = (
			);
			inputFileListPaths = (
			);
			inputPaths = (
				"${PODS_PODFILE_DIR_PATH}/Podfile.lock",
				"${PODS_ROOT}/Manifest.lock",
			);
			name = "[CP] Check Pods Manifest.lock";
			outputFileListPaths = (
			);
			outputPaths = (
				"$(DERIVED_FILE_DIR)/Pods-Loyalty-LoyaltyUITests-checkManifestLockResult.txt",
			);
			runOnlyForDeploymentPostprocessing = 0;
			shellPath = /bin/sh;
			shellScript = "diff \"${PODS_PODFILE_DIR_PATH}/Podfile.lock\" \"${PODS_ROOT}/Manifest.lock\" > /dev/null\nif [ $? != 0 ] ; then\n    # print error to STDERR\n    echo \"error: The sandbox is not in sync with the Podfile.lock. Run 'pod install' or update your CocoaPods installation.\" >&2\n    exit 1\nfi\n# This output is used by Xcode 'outputs' to avoid re-running this script phase.\necho \"SUCCESS\" > \"${SCRIPT_OUTPUT_FILE_0}\"\n";
			showEnvVarsInLog = 0;
		};
/* End PBXShellScriptBuildPhase section */

/* Begin PBXSourcesBuildPhase section */
		2663E398252E03CC004C8B13 /* Sources */ = {
			isa = PBXSourcesBuildPhase;
			buildActionMask = 2147483647;
			files = (
				EFE3454E2531F432009C83C5 /* Models.swift in Sources */,
				EFE3469E253449F9009C83C5 /* NetworkChecker.swift in Sources */,
				26D1232B252F2A43002028D3 /* OfferTableViewCell.swift in Sources */,
				2663E3DA252E1153004C8B13 /* RoundedUIButton.swift in Sources */,
				EF56FCA8253767DB00996B07 /* CategoryCollectionViewCell.swift in Sources */,
				EFE3461925321346009C83C5 /* FirebaseOP.swift in Sources */,
				2663E3A4252E03CC004C8B13 /* SignInViewController.swift in Sources */,
				26D12323252F20F6002028D3 /* FeaturedCollectionViewCell.swift in Sources */,
				26D12330252F3C5F002028D3 /* VendorViewController.swift in Sources */,
				EFE3460F2532034C009C83C5 /* ProgressHUD.swift in Sources */,
				26D1230E252EFC80002028D3 /* HistoryTableViewCell.swift in Sources */,
				2663E3DE252E153B004C8B13 /* RoundedView.swift in Sources */,
				26D12320252F1A03002028D3 /* HomeViewController.swift in Sources */,
				EFE346142532037C009C83C5 /* SessionManager.swift in Sources */,
				26D1233A252F47A9002028D3 /* OfferValidateDoneViewController.swift in Sources */,
				EFE3468725323E8F009C83C5 /* TextFieldUtils.swift in Sources */,
				26D12305252EC621002028D3 /* SignUpTwoViewController.swift in Sources */,
				26D1233C252F47C2002028D3 /* OfferValidateErrorViewController.swift in Sources */,
				EFD1011F2542C8FD00BCB273 /* NotRegisteredViewController.swift in Sources */,
				26D12338252F4415002028D3 /* OfferViewController.swift in Sources */,
				26D12333252F3E5E002028D3 /* VendorTableViewCell.swift in Sources */,
				2663E3D8252E1045004C8B13 /* RoundedTextField.swift in Sources */,
				2663E3A0252E03CC004C8B13 /* AppDelegate.swift in Sources */,
				2663E3D5252E09E5004C8B13 /* Constraints.swift in Sources */,
				2663E3A2252E03CC004C8B13 /* SceneDelegate.swift in Sources */,
				26D12307252EC88C002028D3 /* RoundedImageView.swift in Sources */,
				26D1233E252F47D9002028D3 /* OfferValidateQuestionViewController.swift in Sources */,
				EFE3464D2532221C009C83C5 /* UserValidator.swift in Sources */,
				EF56FCA3253764F000996B07 /* ViewAllCategoriesViewController.swift in Sources */,
				26D1230B252EE3D9002028D3 /* ResetPasswordViewController.swift in Sources */,
				EFE346962532FCD7009C83C5 /* PopupAlerts.swift in Sources */,
				EFE3471A2536F341009C83C5 /* DataModel.xcdatamodeld in Sources */,
				EFE3468225323CDF009C83C5 /* InputFieldValidator.swift in Sources */,
				26D12318252F12CA002028D3 /* SearchViewController.swift in Sources */,
				EFE346912532759F009C83C5 /* DateExtension.swift in Sources */,
				EF56FC9E25371A4500996B07 /* DataModelHelper.swift in Sources */,
				2663E3D1252E070B004C8B13 /* LaunchScreenViewController.swift in Sources */,
				EF56FCB92538C00000996B07 /* SearchResultTableViewCell.swift in Sources */,
				2663E3DC252E118D004C8B13 /* RoundedUIButtonWithBorder.swift in Sources */,
				EF56FCCF25398A2F00996B07 /* ScanQRViewController.swift in Sources */,
				26D12303252EBD2F002028D3 /* SignUpOneViewController.swift in Sources */,
				EF56FCB025379AC300996B07 /* SingleCategoryViewController.swift in Sources */,
				EFE3468C25325F5D009C83C5 /* ImagePicker.swift in Sources */,
				26D12316252F05F0002028D3 /* HistoryViewController.swift in Sources */,
				EF56FCC225397D6B00996B07 /* EditProfileViewController.swift in Sources */,
				26D12314252F022F002028D3 /* SquareImageView.swift in Sources */,
			);
			runOnlyForDeploymentPostprocessing = 0;
		};
		2663E3AE252E03CD004C8B13 /* Sources */ = {
			isa = PBXSourcesBuildPhase;
			buildActionMask = 2147483647;
			files = (
				2663E3B7252E03CD004C8B13 /* LoyaltyTests.swift in Sources */,
			);
			runOnlyForDeploymentPostprocessing = 0;
		};
		2663E3B9252E03CD004C8B13 /* Sources */ = {
			isa = PBXSourcesBuildPhase;
			buildActionMask = 2147483647;
			files = (
				2663E3C2252E03CD004C8B13 /* LoyaltyUITests.swift in Sources */,
			);
			runOnlyForDeploymentPostprocessing = 0;
		};
/* End PBXSourcesBuildPhase section */

/* Begin PBXTargetDependency section */
		2663E3B4252E03CD004C8B13 /* PBXTargetDependency */ = {
			isa = PBXTargetDependency;
			target = 2663E39B252E03CC004C8B13 /* Loyalty */;
			targetProxy = 2663E3B3252E03CD004C8B13 /* PBXContainerItemProxy */;
		};
		2663E3BF252E03CD004C8B13 /* PBXTargetDependency */ = {
			isa = PBXTargetDependency;
			target = 2663E39B252E03CC004C8B13 /* Loyalty */;
			targetProxy = 2663E3BE252E03CD004C8B13 /* PBXContainerItemProxy */;
		};
/* End PBXTargetDependency section */

/* Begin PBXVariantGroup section */
		2663E3A5252E03CD004C8B13 /* Main.storyboard */ = {
			isa = PBXVariantGroup;
			children = (
				2663E3A6252E03CD004C8B13 /* Base */,
			);
			name = Main.storyboard;
			sourceTree = "<group>";
		};
		2663E3AA252E03CD004C8B13 /* LaunchScreen.storyboard */ = {
			isa = PBXVariantGroup;
			children = (
				2663E3AB252E03CD004C8B13 /* Base */,
			);
			name = LaunchScreen.storyboard;
			sourceTree = "<group>";
		};
/* End PBXVariantGroup section */

/* Begin XCBuildConfiguration section */
		2663E3C4252E03CD004C8B13 /* Debug */ = {
			isa = XCBuildConfiguration;
			buildSettings = {
				ALWAYS_SEARCH_USER_PATHS = NO;
				CLANG_ANALYZER_NONNULL = YES;
				CLANG_ANALYZER_NUMBER_OBJECT_CONVERSION = YES_AGGRESSIVE;
				CLANG_CXX_LANGUAGE_STANDARD = "gnu++14";
				CLANG_CXX_LIBRARY = "libc++";
				CLANG_ENABLE_MODULES = YES;
				CLANG_ENABLE_OBJC_ARC = YES;
				CLANG_ENABLE_OBJC_WEAK = YES;
				CLANG_WARN_BLOCK_CAPTURE_AUTORELEASING = YES;
				CLANG_WARN_BOOL_CONVERSION = YES;
				CLANG_WARN_COMMA = YES;
				CLANG_WARN_CONSTANT_CONVERSION = YES;
				CLANG_WARN_DEPRECATED_OBJC_IMPLEMENTATIONS = YES;
				CLANG_WARN_DIRECT_OBJC_ISA_USAGE = YES_ERROR;
				CLANG_WARN_DOCUMENTATION_COMMENTS = YES;
				CLANG_WARN_EMPTY_BODY = YES;
				CLANG_WARN_ENUM_CONVERSION = YES;
				CLANG_WARN_INFINITE_RECURSION = YES;
				CLANG_WARN_INT_CONVERSION = YES;
				CLANG_WARN_NON_LITERAL_NULL_CONVERSION = YES;
				CLANG_WARN_OBJC_IMPLICIT_RETAIN_SELF = YES;
				CLANG_WARN_OBJC_LITERAL_CONVERSION = YES;
				CLANG_WARN_OBJC_ROOT_CLASS = YES_ERROR;
				CLANG_WARN_QUOTED_INCLUDE_IN_FRAMEWORK_HEADER = YES;
				CLANG_WARN_RANGE_LOOP_ANALYSIS = YES;
				CLANG_WARN_STRICT_PROTOTYPES = YES;
				CLANG_WARN_SUSPICIOUS_MOVE = YES;
				CLANG_WARN_UNGUARDED_AVAILABILITY = YES_AGGRESSIVE;
				CLANG_WARN_UNREACHABLE_CODE = YES;
				CLANG_WARN__DUPLICATE_METHOD_MATCH = YES;
				COPY_PHASE_STRIP = NO;
				DEBUG_INFORMATION_FORMAT = dwarf;
				ENABLE_STRICT_OBJC_MSGSEND = YES;
				ENABLE_TESTABILITY = YES;
				GCC_C_LANGUAGE_STANDARD = gnu11;
				GCC_DYNAMIC_NO_PIC = NO;
				GCC_NO_COMMON_BLOCKS = YES;
				GCC_OPTIMIZATION_LEVEL = 0;
				GCC_PREPROCESSOR_DEFINITIONS = (
					"DEBUG=1",
					"$(inherited)",
				);
				GCC_WARN_64_TO_32_BIT_CONVERSION = YES;
				GCC_WARN_ABOUT_RETURN_TYPE = YES_ERROR;
				GCC_WARN_UNDECLARED_SELECTOR = YES;
				GCC_WARN_UNINITIALIZED_AUTOS = YES_AGGRESSIVE;
				GCC_WARN_UNUSED_FUNCTION = YES;
				GCC_WARN_UNUSED_VARIABLE = YES;
				IPHONEOS_DEPLOYMENT_TARGET = 13.6;
				MTL_ENABLE_DEBUG_INFO = INCLUDE_SOURCE;
				MTL_FAST_MATH = YES;
				ONLY_ACTIVE_ARCH = YES;
				SDKROOT = iphoneos;
				SWIFT_ACTIVE_COMPILATION_CONDITIONS = DEBUG;
				SWIFT_OPTIMIZATION_LEVEL = "-Onone";
			};
			name = Debug;
		};
		2663E3C5252E03CD004C8B13 /* Release */ = {
			isa = XCBuildConfiguration;
			buildSettings = {
				ALWAYS_SEARCH_USER_PATHS = NO;
				CLANG_ANALYZER_NONNULL = YES;
				CLANG_ANALYZER_NUMBER_OBJECT_CONVERSION = YES_AGGRESSIVE;
				CLANG_CXX_LANGUAGE_STANDARD = "gnu++14";
				CLANG_CXX_LIBRARY = "libc++";
				CLANG_ENABLE_MODULES = YES;
				CLANG_ENABLE_OBJC_ARC = YES;
				CLANG_ENABLE_OBJC_WEAK = YES;
				CLANG_WARN_BLOCK_CAPTURE_AUTORELEASING = YES;
				CLANG_WARN_BOOL_CONVERSION = YES;
				CLANG_WARN_COMMA = YES;
				CLANG_WARN_CONSTANT_CONVERSION = YES;
				CLANG_WARN_DEPRECATED_OBJC_IMPLEMENTATIONS = YES;
				CLANG_WARN_DIRECT_OBJC_ISA_USAGE = YES_ERROR;
				CLANG_WARN_DOCUMENTATION_COMMENTS = YES;
				CLANG_WARN_EMPTY_BODY = YES;
				CLANG_WARN_ENUM_CONVERSION = YES;
				CLANG_WARN_INFINITE_RECURSION = YES;
				CLANG_WARN_INT_CONVERSION = YES;
				CLANG_WARN_NON_LITERAL_NULL_CONVERSION = YES;
				CLANG_WARN_OBJC_IMPLICIT_RETAIN_SELF = YES;
				CLANG_WARN_OBJC_LITERAL_CONVERSION = YES;
				CLANG_WARN_OBJC_ROOT_CLASS = YES_ERROR;
				CLANG_WARN_QUOTED_INCLUDE_IN_FRAMEWORK_HEADER = YES;
				CLANG_WARN_RANGE_LOOP_ANALYSIS = YES;
				CLANG_WARN_STRICT_PROTOTYPES = YES;
				CLANG_WARN_SUSPICIOUS_MOVE = YES;
				CLANG_WARN_UNGUARDED_AVAILABILITY = YES_AGGRESSIVE;
				CLANG_WARN_UNREACHABLE_CODE = YES;
				CLANG_WARN__DUPLICATE_METHOD_MATCH = YES;
				COPY_PHASE_STRIP = NO;
				DEBUG_INFORMATION_FORMAT = "dwarf-with-dsym";
				ENABLE_NS_ASSERTIONS = NO;
				ENABLE_STRICT_OBJC_MSGSEND = YES;
				GCC_C_LANGUAGE_STANDARD = gnu11;
				GCC_NO_COMMON_BLOCKS = YES;
				GCC_WARN_64_TO_32_BIT_CONVERSION = YES;
				GCC_WARN_ABOUT_RETURN_TYPE = YES_ERROR;
				GCC_WARN_UNDECLARED_SELECTOR = YES;
				GCC_WARN_UNINITIALIZED_AUTOS = YES_AGGRESSIVE;
				GCC_WARN_UNUSED_FUNCTION = YES;
				GCC_WARN_UNUSED_VARIABLE = YES;
				IPHONEOS_DEPLOYMENT_TARGET = 13.6;
				MTL_ENABLE_DEBUG_INFO = NO;
				MTL_FAST_MATH = YES;
				SDKROOT = iphoneos;
				SWIFT_COMPILATION_MODE = wholemodule;
				SWIFT_OPTIMIZATION_LEVEL = "-O";
				VALIDATE_PRODUCT = YES;
			};
			name = Release;
		};
		2663E3C7252E03CD004C8B13 /* Debug */ = {
			isa = XCBuildConfiguration;
			baseConfigurationReference = 3A1113BF97A0DA15F68A77DC /* Pods-Loyalty.debug.xcconfig */;
			buildSettings = {
				ASSETCATALOG_COMPILER_APPICON_NAME = AppIcon;
				CODE_SIGN_STYLE = Automatic;
				DEVELOPMENT_ASSET_PATHS = "";
				DEVELOPMENT_TEAM = 9CYSVYA95H;
				INFOPLIST_FILE = Loyalty/Info.plist;
				LD_RUNPATH_SEARCH_PATHS = (
					"$(inherited)",
					"@executable_path/Frameworks",
				);
				PRODUCT_BUNDLE_IDENTIFIER = "digital.beebee.loyalty-ios";
				PRODUCT_NAME = "$(TARGET_NAME)";
				SWIFT_VERSION = 5.0;
				TARGETED_DEVICE_FAMILY = "1,2";
			};
			name = Debug;
		};
		2663E3C8252E03CD004C8B13 /* Release */ = {
			isa = XCBuildConfiguration;
			baseConfigurationReference = ACC1436B0F0F0BDE9F988237 /* Pods-Loyalty.release.xcconfig */;
			buildSettings = {
				ASSETCATALOG_COMPILER_APPICON_NAME = AppIcon;
				CODE_SIGN_STYLE = Automatic;
				DEVELOPMENT_ASSET_PATHS = "";
				DEVELOPMENT_TEAM = 9CYSVYA95H;
				INFOPLIST_FILE = Loyalty/Info.plist;
				LD_RUNPATH_SEARCH_PATHS = (
					"$(inherited)",
					"@executable_path/Frameworks",
				);
				PRODUCT_BUNDLE_IDENTIFIER = "digital.beebee.loyalty-ios";
				PRODUCT_NAME = "$(TARGET_NAME)";
				SWIFT_VERSION = 5.0;
				TARGETED_DEVICE_FAMILY = "1,2";
			};
			name = Release;
		};
		2663E3CA252E03CD004C8B13 /* Debug */ = {
			isa = XCBuildConfiguration;
			baseConfigurationReference = C0432CA007F948B7BEFA5BFE /* Pods-LoyaltyTests.debug.xcconfig */;
			buildSettings = {
				ALWAYS_EMBED_SWIFT_STANDARD_LIBRARIES = YES;
				BUNDLE_LOADER = "$(TEST_HOST)";
				CODE_SIGN_STYLE = Automatic;
				INFOPLIST_FILE = LoyaltyTests/Info.plist;
				IPHONEOS_DEPLOYMENT_TARGET = 13.6;
				LD_RUNPATH_SEARCH_PATHS = (
					"$(inherited)",
					"@executable_path/Frameworks",
					"@loader_path/Frameworks",
				);
				PRODUCT_BUNDLE_IDENTIFIER = com.treCoops.LoyaltyTests;
				PRODUCT_NAME = "$(TARGET_NAME)";
				SWIFT_VERSION = 5.0;
				TARGETED_DEVICE_FAMILY = "1,2";
				TEST_HOST = "$(BUILT_PRODUCTS_DIR)/Loyalty.app/Loyalty";
			};
			name = Debug;
		};
		2663E3CB252E03CD004C8B13 /* Release */ = {
			isa = XCBuildConfiguration;
			baseConfigurationReference = BBD06572D970D31CFD470043 /* Pods-LoyaltyTests.release.xcconfig */;
			buildSettings = {
				ALWAYS_EMBED_SWIFT_STANDARD_LIBRARIES = YES;
				BUNDLE_LOADER = "$(TEST_HOST)";
				CODE_SIGN_STYLE = Automatic;
				INFOPLIST_FILE = LoyaltyTests/Info.plist;
				IPHONEOS_DEPLOYMENT_TARGET = 13.6;
				LD_RUNPATH_SEARCH_PATHS = (
					"$(inherited)",
					"@executable_path/Frameworks",
					"@loader_path/Frameworks",
				);
				PRODUCT_BUNDLE_IDENTIFIER = com.treCoops.LoyaltyTests;
				PRODUCT_NAME = "$(TARGET_NAME)";
				SWIFT_VERSION = 5.0;
				TARGETED_DEVICE_FAMILY = "1,2";
				TEST_HOST = "$(BUILT_PRODUCTS_DIR)/Loyalty.app/Loyalty";
			};
			name = Release;
		};
		2663E3CD252E03CD004C8B13 /* Debug */ = {
			isa = XCBuildConfiguration;
			baseConfigurationReference = DC515A356704FED6CE1408F4 /* Pods-Loyalty-LoyaltyUITests.debug.xcconfig */;
			buildSettings = {
				ALWAYS_EMBED_SWIFT_STANDARD_LIBRARIES = YES;
				CODE_SIGN_STYLE = Automatic;
				INFOPLIST_FILE = LoyaltyUITests/Info.plist;
				LD_RUNPATH_SEARCH_PATHS = (
					"$(inherited)",
					"@executable_path/Frameworks",
					"@loader_path/Frameworks",
				);
				PRODUCT_BUNDLE_IDENTIFIER = com.treCoops.LoyaltyUITests;
				PRODUCT_NAME = "$(TARGET_NAME)";
				SWIFT_VERSION = 5.0;
				TARGETED_DEVICE_FAMILY = "1,2";
				TEST_TARGET_NAME = Loyalty;
			};
			name = Debug;
		};
		2663E3CE252E03CD004C8B13 /* Release */ = {
			isa = XCBuildConfiguration;
			baseConfigurationReference = 3E27DBEAD7318C78D85ADDF6 /* Pods-Loyalty-LoyaltyUITests.release.xcconfig */;
			buildSettings = {
				ALWAYS_EMBED_SWIFT_STANDARD_LIBRARIES = YES;
				CODE_SIGN_STYLE = Automatic;
				INFOPLIST_FILE = LoyaltyUITests/Info.plist;
				LD_RUNPATH_SEARCH_PATHS = (
					"$(inherited)",
					"@executable_path/Frameworks",
					"@loader_path/Frameworks",
				);
				PRODUCT_BUNDLE_IDENTIFIER = com.treCoops.LoyaltyUITests;
				PRODUCT_NAME = "$(TARGET_NAME)";
				SWIFT_VERSION = 5.0;
				TARGETED_DEVICE_FAMILY = "1,2";
				TEST_TARGET_NAME = Loyalty;
			};
			name = Release;
		};
/* End XCBuildConfiguration section */

/* Begin XCConfigurationList section */
		2663E397252E03CC004C8B13 /* Build configuration list for PBXProject "Loyalty" */ = {
			isa = XCConfigurationList;
			buildConfigurations = (
				2663E3C4252E03CD004C8B13 /* Debug */,
				2663E3C5252E03CD004C8B13 /* Release */,
			);
			defaultConfigurationIsVisible = 0;
			defaultConfigurationName = Release;
		};
		2663E3C6252E03CD004C8B13 /* Build configuration list for PBXNativeTarget "Loyalty" */ = {
			isa = XCConfigurationList;
			buildConfigurations = (
				2663E3C7252E03CD004C8B13 /* Debug */,
				2663E3C8252E03CD004C8B13 /* Release */,
			);
			defaultConfigurationIsVisible = 0;
			defaultConfigurationName = Release;
		};
		2663E3C9252E03CD004C8B13 /* Build configuration list for PBXNativeTarget "LoyaltyTests" */ = {
			isa = XCConfigurationList;
			buildConfigurations = (
				2663E3CA252E03CD004C8B13 /* Debug */,
				2663E3CB252E03CD004C8B13 /* Release */,
			);
			defaultConfigurationIsVisible = 0;
			defaultConfigurationName = Release;
		};
		2663E3CC252E03CD004C8B13 /* Build configuration list for PBXNativeTarget "LoyaltyUITests" */ = {
			isa = XCConfigurationList;
			buildConfigurations = (
				2663E3CD252E03CD004C8B13 /* Debug */,
				2663E3CE252E03CD004C8B13 /* Release */,
			);
			defaultConfigurationIsVisible = 0;
			defaultConfigurationName = Release;
		};
/* End XCConfigurationList section */

/* Begin XCVersionGroup section */
		EFE347182536F341009C83C5 /* DataModel.xcdatamodeld */ = {
			isa = XCVersionGroup;
			children = (
				EFE347192536F341009C83C5 /* DataModel.xcdatamodel */,
			);
			currentVersion = EFE347192536F341009C83C5 /* DataModel.xcdatamodel */;
			path = DataModel.xcdatamodeld;
			sourceTree = "<group>";
			versionGroupType = wrapper.xcdatamodel;
		};
/* End XCVersionGroup section */
	};
	rootObject = 2663E394252E03CC004C8B13 /* Project object */;
}
